
Microsoft Visual Studio Solution File, Format Version 12.00
# Visual Studio Version 16
VisualStudioVersion = 16.0.32407.337
MinimumVisualStudioVersion = 10.0.40219.1
Project("{FAE04EC0-301F-11D3-BF4B-00C04F79EFBC}") = "TanteadorTiempo", "TanteadorTiempo\TanteadorTiempo.csproj", "{24E393C5-1868-499D-B71D-F84019C2E439}"
EndProject
Global
	GlobalSection(SolutionConfigurationPlatforms) = preSolution
		Debug|Any CPU = Debug|Any CPU
		Release|Any CPU = Release|Any CPU
	EndGlobalSection
	GlobalSection(ProjectConfigurationPlatforms) = postSolution
		{24E393C5-1868-499D-B71D-F84019C2E439}.Debug|Any CPU.ActiveCfg = Debug|Any CPU
		{24E393C5-1868-499D-B71D-F84019C2E439}.Debug|Any CPU.Build.0 = Debug|Any CPU
		{24E393C5-1868-499D-B71D-F84019C2E439}.Release|Any CPU.ActiveCfg = Release|Any CPU
		{24E393C5-1868-499D-B71D-F84019C2E439}.Release|Any CPU.Build.0 = Release|Any CPU
	EndGlobalSection
	GlobalSection(SolutionProperties) = preSolution
		HideSolutionNode = FALSE
	EndGlobalSection
	GlobalSection(ExtensibilityGlobals) = postSolution
		SolutionGuid = {89146F71-F1DC-4CF7-880B-F70DF4C0FA6A}
	EndGlobalSection
EndGlobal
